
Microsoft Visual Studio Solution File, Format Version 12.00
# Visual Studio Version 16
VisualStudioVersion = 16.0.29025.244
MinimumVisualStudioVersion = 10.0.40219.1
Project("{9A19103F-16F7-4668-BE54-9A1E7A4F7556}") = "GameOfLife.ConApp", "GameOfLife.ConApp\GameOfLife.ConApp.csproj", "{15F7A096-782F-45CB-8EA1-5EE0AA1672A0}"
EndProject
Project("{9A19103F-16F7-4668-BE54-9A1E7A4F7556}") = "GameOfLife.Engine", "GameOfLife.Engine\GameOfLife.Engine.csproj", "{210B4B49-76E6-4336-AA6A-3962FF8B6FFA}"
EndProject
Project("{FAE04EC0-301F-11D3-BF4B-00C04F79EFBC}") = "GameOfLife.Common", "GameOfLife.Common\GameOfLife.Common.csproj", "{15C2FF6E-DFB7-417D-B1C8-41C2CC967DA3}"
EndProject
Global
	GlobalSection(SolutionConfigurationPlatforms) = preSolution
		Debug|Any CPU = Debug|Any CPU
		Release|Any CPU = Release|Any CPU
	EndGlobalSection
	GlobalSection(ProjectConfigurationPlatforms) = postSolution
		{15F7A096-782F-45CB-8EA1-5EE0AA1672A0}.Debug|Any CPU.ActiveCfg = Debug|Any CPU
		{15F7A096-782F-45CB-8EA1-5EE0AA1672A0}.Debug|Any CPU.Build.0 = Debug|Any CPU
		{15F7A096-782F-45CB-8EA1-5EE0AA1672A0}.Release|Any CPU.ActiveCfg = Release|Any CPU
		{15F7A096-782F-45CB-8EA1-5EE0AA1672A0}.Release|Any CPU.Build.0 = Release|Any CPU
		{210B4B49-76E6-4336-AA6A-3962FF8B6FFA}.Debug|Any CPU.ActiveCfg = Debug|Any CPU
		{210B4B49-76E6-4336-AA6A-3962FF8B6FFA}.Debug|Any CPU.Build.0 = Debug|Any CPU
		{210B4B49-76E6-4336-AA6A-3962FF8B6FFA}.Release|Any CPU.ActiveCfg = Release|Any CPU
		{210B4B49-76E6-4336-AA6A-3962FF8B6FFA}.Release|Any CPU.Build.0 = Release|Any CPU
		{15C2FF6E-DFB7-417D-B1C8-41C2CC967DA3}.Debug|Any CPU.ActiveCfg = Debug|Any CPU
		{15C2FF6E-DFB7-417D-B1C8-41C2CC967DA3}.Debug|Any CPU.Build.0 = Debug|Any CPU
		{15C2FF6E-DFB7-417D-B1C8-41C2CC967DA3}.Release|Any CPU.ActiveCfg = Release|Any CPU
		{15C2FF6E-DFB7-417D-B1C8-41C2CC967DA3}.Release|Any CPU.Build.0 = Release|Any CPU
	EndGlobalSection
	GlobalSection(SolutionProperties) = preSolution
		HideSolutionNode = FALSE
	EndGlobalSection
	GlobalSection(ExtensibilityGlobals) = postSolution
		SolutionGuid = {A6098B31-2250-43BD-ADBE-5D99B6AB7C02}
	EndGlobalSection
EndGlobal
